Microsoft Visual Studio Solution File, Format Version 12.00
# Visual Studio Version 17
VisualStudioVersion = 17.5.2.0
MinimumVisualStudioVersion = 10.0.40219.1
Project("{FAE04EC0-301F-11D3-BF4B-00C04F79EFBC}") = "GitHubTodoDemo", "GitHubTodoDemo.csproj", "{AEDEE0FA-7CEB-62A2-BCBA-0DA802E09A05}"
EndProject
Global
	GlobalSection(SolutionConfigurationPlatforms) = preSolution
		Debug|Any CPU = Debug|Any CPU
		Release|Any CPU = Release|Any CPU
	EndGlobalSection
	GlobalSection(ProjectConfigurationPlatforms) = postSolution
		{AEDEE0FA-7CEB-62A2-BCBA-0DA802E09A05}.Debug|Any CPU.ActiveCfg = Debug|Any CPU
		{AEDEE0FA-7CEB-62A2-BCBA-0DA802E09A05}.Debug|Any CPU.Build.0 = Debug|Any CPU
		{AEDEE0FA-7CEB-62A2-BCBA-0DA802E09A05}.Release|Any CPU.ActiveCfg = Release|Any CPU
		{AEDEE0FA-7CEB-62A2-BCBA-0DA802E09A05}.Release|Any CPU.Build.0 = Release|Any CPU
	EndGlobalSection
	GlobalSection(SolutionProperties) = preSolution
		HideSolutionNode = FALSE
	EndGlobalSection
	GlobalSection(ExtensibilityGlobals) = postSolution
		SolutionGuid = {941D2BE8-9DBC-423B-82DE-9ED69593E485}
	EndGlobalSection
EndGlobal
