{
  "version": 1,
  "dependencies": {
    "net9.0": {
      "Azure.Identity": {
        "type": "Direct",
        "requested": "[1.14.0, )",
        "resolved": "1.14.0",
        "contentHash": "xQ6mpNhifb8W/KG2BclhbJWAupvE3JF8lPEBF8t59Q5sc1yN0Ci+dvS0qXtc6m9auxwYpmc8rhOmK541dcGwmA==",
        "dependencies": {
          "Azure.Core": "1.46.1",
          "Microsoft.Identity.Client": "4.71.1",
          "Microsoft.Identity.Client.Extensions.Msal": "4.71.1",
          "System.Memory": "4.5.5"
        }
      },
      "Microsoft.Kiota.Authentication.Azure": {
        "type": "Direct",
        "requested": "[1.19.0, )",
        "resolved": "1.19.0",
        "contentHash": "7KmNDYAO2BpoSDPP/BNzM27IuDzQvQ/HX5Dmyt0l1p88Msy/nl+O7Ak3WW0pAZgAZk9V5Pzu35F/DVn5u76UmQ==",
        "dependencies": {
          "Azure.Core": "1.44.1",
          "Microsoft.Kiota.Abstractions": "1.19.0"
        }
      },
      "Microsoft.Kiota.Bundle": {
        "type": "Direct",
        "requested": "[1.19.0, )",
        "resolved": "1.19.0",
        "contentHash": "CLPpQV6EPPlde1ClPdsZ93ixr+C3Y718hAMnN3YxrZ10QhoZCdoa9hvnyjBU6XfWHQleN4GJ6GGAXvIUJbG2Lg==",
        "dependencies": {
          "Microsoft.Kiota.Abstractions": "1.19.0",
          "Microsoft.Kiota.Http.HttpClientLibrary": "1.19.0",
          "Microsoft.Kiota.Serialization.Form": "1.19.0",
          "Microsoft.Kiota.Serialization.Json": "1.19.0",
          "Microsoft.Kiota.Serialization.Multipart": "1.19.0",
          "Microsoft.Kiota.Serialization.Text": "1.19.0"
        }
      },
      "Azure.Core": {
        "type": "Transitive",
        "resolved": "1.46.1",
        "contentHash": "iE5DPOlGsN5kCkF4gN+vasN1RihO0Ypie92oQ5tohQYiokmnrrhLnee+3zcE8n7vB6ZAzhPTfUGAEXX/qHGkYA==",
        "dependencies": {
          "Microsoft.Bcl.AsyncInterfaces": "8.0.0",
          "System.ClientModel": "1.4.1",
          "System.Memory.Data": "6.0.1"
        }
      },
      "Microsoft.Bcl.AsyncInterfaces": {
        "type": "Transitive",
        "resolved": "8.0.0",
        "contentHash": "3WA9q9yVqJp222P3x1wYIGDAkpjAku0TMUaaQV22g6L67AI0LdOIrVS7Ht2vJfLHGSPVuqN94vIr15qn+HEkHw=="
      },
      "Microsoft.Extensions.DependencyInjection.Abstractions": {
        "type": "Transitive",
        "resolved": "8.0.2",
        "contentHash": "3iE7UF7MQkCv1cxzCahz+Y/guQbTqieyxyaWKhrRO91itI9cOKO76OHeQDahqG4MmW5umr3CcCvGmK92lWNlbg=="
      },
      "Microsoft.Extensions.Logging.Abstractions": {
        "type": "Transitive",
        "resolved": "8.0.3",
        "contentHash": "dL0QGToTxggRLMYY4ZYX5AMwBb+byQBd/5dMiZE07Nv73o6I5Are3C7eQTh7K2+A4ct0PVISSr7TZANbiNb2yQ==",
        "dependencies": {
          "Microsoft.Extensions.DependencyInjection.Abstractions": "8.0.2"
        }
      },
      "Microsoft.Identity.Client": {
        "type": "Transitive",
        "resolved": "4.71.1",
        "contentHash": "SgvSBcMRvmEEyV10pcvxNVUbwYoShmj/9pxXFVr3AFjE26IUzuwYLtLgt58xkEnT0xJBjfObaXxcol3BMtmEAg==",
        "dependencies": {
          "Microsoft.IdentityModel.Abstractions": "6.35.0",
          "System.Diagnostics.DiagnosticSource": "6.0.1"
        }
      },
      "Microsoft.Identity.Client.Extensions.Msal": {
        "type": "Transitive",
        "resolved": "4.71.1",
        "contentHash": "PGOHaoQhKBKnXy1kfW+Gu9/rxStKsqR+UZKeVv4XAsATdzmfj9y9kkUOftIjVFvxP3oh2Sk7v65ylS0K/qYADA==",
        "dependencies": {
          "Microsoft.Identity.Client": "4.71.1",
          "System.Security.Cryptography.ProtectedData": "4.5.0"
        }
      },
      "Microsoft.IdentityModel.Abstractions": {
        "type": "Transitive",
        "resolved": "6.35.0",
        "contentHash": "xuR8E4Rd96M41CnUSCiOJ2DBh+z+zQSmyrYHdYhD6K4fXBcQGVnRCFQ0efROUYpP+p0zC1BLKr0JRpVuujTZSg=="
      },
      "Microsoft.Kiota.Abstractions": {
        "type": "Transitive",
        "resolved": "1.19.0",
        "contentHash": "XZ7hY1OU305oqRC8QhIBGQwzYN5o/Z3bnUHkvNKU3MDCW02n7Q7+P69wCY31j79yvG1MWudKZa3hnipfRxtKJA==",
        "dependencies": {
          "Std.UriTemplate": "2.0.5"
        }
      },
      "Microsoft.Kiota.Http.HttpClientLibrary": {
        "type": "Transitive",
        "resolved": "1.19.0",
        "contentHash": "GHTX7mzD7iljmRu9vY/Mn1zd0HAq72p8fLl3+GmuBnis0SjqsRCx0LPxZ32jAFwe6RtesZSZme1N2wwQ/vMEyQ==",
        "dependencies": {
          "Microsoft.Kiota.Abstractions": "1.19.0"
        }
      },
      "Microsoft.Kiota.Serialization.Form": {
        "type": "Transitive",
        "resolved": "1.19.0",
        "contentHash": "vGlUHhUmbzR4EF0JK1H8IrawDVyAIq4lxeF9kCCm9b0wGGDABHtW9+xmk4r+lMWoLMabuEbOUdIJIsK0B9QPbg==",
        "dependencies": {
          "Microsoft.Kiota.Abstractions": "1.19.0"
        }
      },
      "Microsoft.Kiota.Serialization.Json": {
        "type": "Transitive",
        "resolved": "1.19.0",
        "contentHash": "7PyZbLqd8FcAnUHTeJ0nRc6EEre1hqK9stmbJVx6B28qZ36ISvBXvpSbJlXM0jAr/hkdXyC7TpFcGDZRMJBIHw==",
        "dependencies": {
          "Microsoft.Kiota.Abstractions": "1.19.0"
        }
      },
      "Microsoft.Kiota.Serialization.Multipart": {
        "type": "Transitive",
        "resolved": "1.19.0",
        "contentHash": "A3sFix+M/ggiyRRdHCLXeE5JdUdsf/kiFygmfZ8zmkHwXuweelcG2s3SYpegs2QsQte/Z2CMtEzhvmQH+NZMJA==",
        "dependencies": {
          "Microsoft.Kiota.Abstractions": "1.19.0"
        }
      },
      "Microsoft.Kiota.Serialization.Text": {
        "type": "Transitive",
        "resolved": "1.19.0",
        "contentHash": "FFovY2eFAQFeLTU2P9MGeAk48scgEd3h0mhUksvmkjCwh/2nPB4K95vBO9LLPNX5RJs5wCWC8WbonoX189crzw==",
        "dependencies": {
          "Microsoft.Kiota.Abstractions": "1.19.0"
        }
      },
      "Std.UriTemplate": {
        "type": "Transitive",
        "resolved": "2.0.5",
        "contentHash": "PtqPdWNBObRcDHjyjbgOz2XoCJQaiA+HNDPQve/O7yGCkospfHDCuH9ULVx1msImwHHG+uhpDjiZX7bpLN/cnw=="
      },
      "System.ClientModel": {
        "type": "Transitive",
        "resolved": "1.4.1",
        "contentHash": "MY7eFGKp+Hu7Ciub8wigQ0odGrkml4eTjUy8d5Bu2eGAVvm8Qskkq+YuXiiS5wMJGq7iSvqseV4skd5WxTUdDA==",
        "dependencies": {
          "Microsoft.Extensions.Logging.Abstractions": "8.0.3",
          "System.Memory.Data": "6.0.1"
        }
      },
      "System.Diagnostics.DiagnosticSource": {
        "type": "Transitive",
        "resolved": "6.0.1",
        "contentHash": "KiLYDu2k2J82Q9BJpWiuQqCkFjRBWVq4jDzKKWawVi9KWzyD0XG3cmfX0vqTQlL14Wi9EufJrbL0+KCLTbqWiQ==",
        "dependencies": {
          "System.Runtime.CompilerServices.Unsafe": "6.0.0"
        }
      },
      "System.Memory": {
        "type": "Transitive",
        "resolved": "4.5.5",
        "contentHash": "XIWiDvKPXaTveaB7HVganDlOCRoj03l+jrwNvcge/t8vhGYKvqV+dMv6G4SAX2NoNmN0wZfVPTAlFwZcZvVOUw=="
      },
      "System.Memory.Data": {
        "type": "Transitive",
        "resolved": "6.0.1",
        "contentHash": "yliDgLh9S9Mcy5hBIdZmX6yphYIW3NH+3HN1kV1m7V1e0s7LNTw/tHNjJP4U9nSMEgl3w1TzYv/KA1Tg9NYy6w=="
      },
      "System.Runtime.CompilerServices.Unsafe": {
        "type": "Transitive",
        "resolved": "6.0.0",
        "contentHash": "/iUeP3tq1S0XdNNoMz5C9twLSrM/TH+qElHkXWaPvuNOt+99G75NrV0OS2EqHx5wMN7popYjpc8oTjC1y16DLg=="
      },
      "System.Security.Cryptography.ProtectedData": {
        "type": "Transitive",
        "resolved": "4.5.0",
        "contentHash": "wLBKzFnDCxP12VL9ANydSYhk59fC4cvOr9ypYQLPnAj48NQIhqnjdD2yhP8yEKyBJEjERWS9DisKL7rX5eU25Q=="
      }
    }
  }
}